
Microsoft Visual Studio Solution File, Format Version 12.00
# Visual Studio Version 17
VisualStudioVersion = 17.1.32319.34
MinimumVisualStudioVersion = 10.0.40219.1
Project("{9A19103F-16F7-4668-BE54-9A1E7A4F7556}") = "Data", "Data\Data.csproj", "{2AA97308-E0A5-4489-8D18-376BAA3991F5}"
EndProject
Project("{9A19103F-16F7-4668-BE54-9A1E7A4F7556}") = "Logic", "Logic\Logic.csproj", "{B08AF256-C996-4111-A8B7-345D72662C0B}"
EndProject
Project("{2150E333-8FDC-42A3-9474-1A3956D46DE8}") = "Presentation", "Presentation", "{677BBDC3-1CAE-4F92-9B0C-DB35EA443206}"
EndProject
Project("{9A19103F-16F7-4668-BE54-9A1E7A4F7556}") = "ViewModel", "ViewModel\ViewModel.csproj", "{D6B57839-6E4F-48B7-9435-3C24DADD87BA}"
EndProject
Project("{9A19103F-16F7-4668-BE54-9A1E7A4F7556}") = "Model", "Model\Model.csproj", "{704ECD17-26BD-4241-B1E1-E5EF23F895F8}"
EndProject
Project("{9A19103F-16F7-4668-BE54-9A1E7A4F7556}") = "View", "View\View.csproj", "{EFE37DD4-6C60-4B56-9889-B972784869A4}"
EndProject
Project("{2150E333-8FDC-42A3-9474-1A3956D46DE8}") = "Tests", "Tests", "{9722C325-4672-4835-9184-F6CDE284D0D1}"
EndProject
Project("{9A19103F-16F7-4668-BE54-9A1E7A4F7556}") = "DataTests", "Tests\DataTests\DataTests.csproj", "{B3DE4E79-F05A-4298-B7C9-68C281E29577}"
EndProject
Project("{9A19103F-16F7-4668-BE54-9A1E7A4F7556}") = "LogicTests", "Tests\LogicTests\LogicTests.csproj", "{A2907C74-0962-467B-AEAD-B5EC7A51EA05}"
EndProject
Project("{9A19103F-16F7-4668-BE54-9A1E7A4F7556}") = "ModelTests", "Tests\ModelTests\ModelTests.csproj", "{2F20CD0E-247F-4DED-9A3B-9329C742C9D7}"
EndProject
Project("{9A19103F-16F7-4668-BE54-9A1E7A4F7556}") = "ViewModelTests", "Tests\ViewModelTests\ViewModelTests.csproj", "{68349D9F-493F-4E62-AA61-08310EE46D7B}"
EndProject
Project("{2150E333-8FDC-42A3-9474-1A3956D46DE8}") = "Solution Items", "Solution Items", "{BCB63AAB-8947-48DB-8FC6-B6A42E65616D}"
	ProjectSection(SolutionItems) = preProject
		LICENSE = LICENSE
		README.md = README.md
	EndProjectSection
EndProject
Global
	GlobalSection(SolutionConfigurationPlatforms) = preSolution
		Debug|Any CPU = Debug|Any CPU
		Release|Any CPU = Release|Any CPU
	EndGlobalSection
	GlobalSection(ProjectConfigurationPlatforms) = postSolution
		{2AA97308-E0A5-4489-8D18-376BAA3991F5}.Debug|Any CPU.ActiveCfg = Debug|Any CPU
		{2AA97308-E0A5-4489-8D18-376BAA3991F5}.Debug|Any CPU.Build.0 = Debug|Any CPU
		{2AA97308-E0A5-4489-8D18-376BAA3991F5}.Release|Any CPU.ActiveCfg = Release|Any CPU
		{2AA97308-E0A5-4489-8D18-376BAA3991F5}.Release|Any CPU.Build.0 = Release|Any CPU
		{B08AF256-C996-4111-A8B7-345D72662C0B}.Debug|Any CPU.ActiveCfg = Debug|Any CPU
		{B08AF256-C996-4111-A8B7-345D72662C0B}.Debug|Any CPU.Build.0 = Debug|Any CPU
		{B08AF256-C996-4111-A8B7-345D72662C0B}.Release|Any CPU.ActiveCfg = Release|Any CPU
		{B08AF256-C996-4111-A8B7-345D72662C0B}.Release|Any CPU.Build.0 = Release|Any CPU
		{D6B57839-6E4F-48B7-9435-3C24DADD87BA}.Debug|Any CPU.ActiveCfg = Debug|Any CPU
		{D6B57839-6E4F-48B7-9435-3C24DADD87BA}.Debug|Any CPU.Build.0 = Debug|Any CPU
		{D6B57839-6E4F-48B7-9435-3C24DADD87BA}.Release|Any CPU.ActiveCfg = Release|Any CPU
		{D6B57839-6E4F-48B7-9435-3C24DADD87BA}.Release|Any CPU.Build.0 = Release|Any CPU
		{704ECD17-26BD-4241-B1E1-E5EF23F895F8}.Debug|Any CPU.ActiveCfg = Debug|Any CPU
		{704ECD17-26BD-4241-B1E1-E5EF23F895F8}.Debug|Any CPU.Build.0 = Debug|Any CPU
		{704ECD17-26BD-4241-B1E1-E5EF23F895F8}.Release|Any CPU.ActiveCfg = Release|Any CPU
		{704ECD17-26BD-4241-B1E1-E5EF23F895F8}.Release|Any CPU.Build.0 = Release|Any CPU
		{EFE37DD4-6C60-4B56-9889-B972784869A4}.Debug|Any CPU.ActiveCfg = Debug|Any CPU
		{EFE37DD4-6C60-4B56-9889-B972784869A4}.Debug|Any CPU.Build.0 = Debug|Any CPU
		{EFE37DD4-6C60-4B56-9889-B972784869A4}.Release|Any CPU.ActiveCfg = Release|Any CPU
		{EFE37DD4-6C60-4B56-9889-B972784869A4}.Release|Any CPU.Build.0 = Release|Any CPU
		{B3DE4E79-F05A-4298-B7C9-68C281E29577}.Debug|Any CPU.ActiveCfg = Debug|Any CPU
		{B3DE4E79-F05A-4298-B7C9-68C281E29577}.Debug|Any CPU.Build.0 = Debug|Any CPU
		{B3DE4E79-F05A-4298-B7C9-68C281E29577}.Release|Any CPU.ActiveCfg = Release|Any CPU
		{B3DE4E79-F05A-4298-B7C9-68C281E29577}.Release|Any CPU.Build.0 = Release|Any CPU
		{A2907C74-0962-467B-AEAD-B5EC7A51EA05}.Debug|Any CPU.ActiveCfg = Debug|Any CPU
		{A2907C74-0962-467B-AEAD-B5EC7A51EA05}.Debug|Any CPU.Build.0 = Debug|Any CPU
		{A2907C74-0962-467B-AEAD-B5EC7A51EA05}.Release|Any CPU.ActiveCfg = Release|Any CPU
		{A2907C74-0962-467B-AEAD-B5EC7A51EA05}.Release|Any CPU.Build.0 = Release|Any CPU
		{2F20CD0E-247F-4DED-9A3B-9329C742C9D7}.Debug|Any CPU.ActiveCfg = Debug|Any CPU
		{2F20CD0E-247F-4DED-9A3B-9329C742C9D7}.Debug|Any CPU.Build.0 = Debug|Any CPU
		{2F20CD0E-247F-4DED-9A3B-9329C742C9D7}.Release|Any CPU.ActiveCfg = Release|Any CPU
		{2F20CD0E-247F-4DED-9A3B-9329C742C9D7}.Release|Any CPU.Build.0 = Release|Any CPU
		{68349D9F-493F-4E62-AA61-08310EE46D7B}.Debug|Any CPU.ActiveCfg = Debug|Any CPU
		{68349D9F-493F-4E62-AA61-08310EE46D7B}.Debug|Any CPU.Build.0 = Debug|Any CPU
		{68349D9F-493F-4E62-AA61-08310EE46D7B}.Release|Any CPU.ActiveCfg = Release|Any CPU
		{68349D9F-493F-4E62-AA61-08310EE46D7B}.Release|Any CPU.Build.0 = Release|Any CPU
	EndGlobalSection
	GlobalSection(SolutionProperties) = preSolution
		HideSolutionNode = FALSE
	EndGlobalSection
	GlobalSection(NestedProjects) = preSolution
		{D6B57839-6E4F-48B7-9435-3C24DADD87BA} = {677BBDC3-1CAE-4F92-9B0C-DB35EA443206}
		{704ECD17-26BD-4241-B1E1-E5EF23F895F8} = {677BBDC3-1CAE-4F92-9B0C-DB35EA443206}
		{EFE37DD4-6C60-4B56-9889-B972784869A4} = {677BBDC3-1CAE-4F92-9B0C-DB35EA443206}
		{B3DE4E79-F05A-4298-B7C9-68C281E29577} = {9722C325-4672-4835-9184-F6CDE284D0D1}
		{A2907C74-0962-467B-AEAD-B5EC7A51EA05} = {9722C325-4672-4835-9184-F6CDE284D0D1}
		{2F20CD0E-247F-4DED-9A3B-9329C742C9D7} = {9722C325-4672-4835-9184-F6CDE284D0D1}
		{68349D9F-493F-4E62-AA61-08310EE46D7B} = {9722C325-4672-4835-9184-F6CDE284D0D1}
	EndGlobalSection
	GlobalSection(ExtensibilityGlobals) = postSolution
		SolutionGuid = {167B2CD0-509F-4C7C-80CE-6B05EE69DEA8}
	EndGlobalSection
EndGlobal
