
Microsoft Visual Studio Solution File, Format Version 12.00
Project("{FAE04EC0-301F-11D3-BF4B-00C04F79EFBC}") = "Data", "Data\Data.csproj", "{2AA97308-E0A5-4489-8D18-376BAA3991F5}"
EndProject
Project("{FAE04EC0-301F-11D3-BF4B-00C04F79EFBC}") = "Tests", "Tests\Tests.csproj", "{C44565F0-3C54-461F-AF31-5257B80FD8F2}"
EndProject
Project("{FAE04EC0-301F-11D3-BF4B-00C04F79EFBC}") = "Logic", "Logic\Logic.csproj", "{B08AF256-C996-4111-A8B7-345D72662C0B}"
EndProject
Project("{2150E333-8FDC-42A3-9474-1A3956D46DE8}") = "Presentation", "Presentation", "{677BBDC3-1CAE-4F92-9B0C-DB35EA443206}"
EndProject
Project("{FAE04EC0-301F-11D3-BF4B-00C04F79EFBC}") = "ViewModel", "ViewModel\ViewModel.csproj", "{D6B57839-6E4F-48B7-9435-3C24DADD87BA}"
EndProject
Project("{FAE04EC0-301F-11D3-BF4B-00C04F79EFBC}") = "Model", "Model\Model.csproj", "{704ECD17-26BD-4241-B1E1-E5EF23F895F8}"
EndProject
Project("{FAE04EC0-301F-11D3-BF4B-00C04F79EFBC}") = "View", "View\View.csproj", "{EFE37DD4-6C60-4B56-9889-B972784869A4}"
EndProject
Global
	GlobalSection(SolutionConfigurationPlatforms) = preSolution
		Debug|Any CPU = Debug|Any CPU
		Release|Any CPU = Release|Any CPU
	EndGlobalSection
	GlobalSection(ProjectConfigurationPlatforms) = postSolution
		{2AA97308-E0A5-4489-8D18-376BAA3991F5}.Debug|Any CPU.ActiveCfg = Debug|Any CPU
		{2AA97308-E0A5-4489-8D18-376BAA3991F5}.Debug|Any CPU.Build.0 = Debug|Any CPU
		{2AA97308-E0A5-4489-8D18-376BAA3991F5}.Release|Any CPU.ActiveCfg = Release|Any CPU
		{2AA97308-E0A5-4489-8D18-376BAA3991F5}.Release|Any CPU.Build.0 = Release|Any CPU
		{C44565F0-3C54-461F-AF31-5257B80FD8F2}.Debug|Any CPU.ActiveCfg = Debug|Any CPU
		{C44565F0-3C54-461F-AF31-5257B80FD8F2}.Debug|Any CPU.Build.0 = Debug|Any CPU
		{C44565F0-3C54-461F-AF31-5257B80FD8F2}.Release|Any CPU.ActiveCfg = Release|Any CPU
		{C44565F0-3C54-461F-AF31-5257B80FD8F2}.Release|Any CPU.Build.0 = Release|Any CPU
		{B08AF256-C996-4111-A8B7-345D72662C0B}.Debug|Any CPU.ActiveCfg = Debug|Any CPU
		{B08AF256-C996-4111-A8B7-345D72662C0B}.Debug|Any CPU.Build.0 = Debug|Any CPU
		{B08AF256-C996-4111-A8B7-345D72662C0B}.Release|Any CPU.ActiveCfg = Release|Any CPU
		{B08AF256-C996-4111-A8B7-345D72662C0B}.Release|Any CPU.Build.0 = Release|Any CPU
		{D6B57839-6E4F-48B7-9435-3C24DADD87BA}.Debug|Any CPU.ActiveCfg = Debug|Any CPU
		{D6B57839-6E4F-48B7-9435-3C24DADD87BA}.Debug|Any CPU.Build.0 = Debug|Any CPU
		{D6B57839-6E4F-48B7-9435-3C24DADD87BA}.Release|Any CPU.ActiveCfg = Release|Any CPU
		{D6B57839-6E4F-48B7-9435-3C24DADD87BA}.Release|Any CPU.Build.0 = Release|Any CPU
		{704ECD17-26BD-4241-B1E1-E5EF23F895F8}.Debug|Any CPU.ActiveCfg = Debug|Any CPU
		{704ECD17-26BD-4241-B1E1-E5EF23F895F8}.Debug|Any CPU.Build.0 = Debug|Any CPU
		{704ECD17-26BD-4241-B1E1-E5EF23F895F8}.Release|Any CPU.ActiveCfg = Release|Any CPU
		{704ECD17-26BD-4241-B1E1-E5EF23F895F8}.Release|Any CPU.Build.0 = Release|Any CPU
		{EFE37DD4-6C60-4B56-9889-B972784869A4}.Debug|Any CPU.ActiveCfg = Debug|Any CPU
		{EFE37DD4-6C60-4B56-9889-B972784869A4}.Debug|Any CPU.Build.0 = Debug|Any CPU
		{EFE37DD4-6C60-4B56-9889-B972784869A4}.Release|Any CPU.ActiveCfg = Release|Any CPU
		{EFE37DD4-6C60-4B56-9889-B972784869A4}.Release|Any CPU.Build.0 = Release|Any CPU
	EndGlobalSection
	GlobalSection(NestedProjects) = preSolution
		{D6B57839-6E4F-48B7-9435-3C24DADD87BA} = {677BBDC3-1CAE-4F92-9B0C-DB35EA443206}
		{704ECD17-26BD-4241-B1E1-E5EF23F895F8} = {677BBDC3-1CAE-4F92-9B0C-DB35EA443206}
		{EFE37DD4-6C60-4B56-9889-B972784869A4} = {677BBDC3-1CAE-4F92-9B0C-DB35EA443206}
	EndGlobalSection
EndGlobal
